{
    "version": 3,
    "terraform_version": "0.11.13",
    "serial": 5,
    "lineage": "7340d41d-cc34-78ca-5ee5-67e3a26dfd4e",
    "modules": [
        {
            "path": [
                "root"
            ],
            "outputs": {},
            "resources": {
                "aws_cloudwatch_log_group.asset_api_log": {
                    "type": "aws_cloudwatch_log_group",
                    "depends_on": [],
                    "primary": {
                        "id": "/aws/lambda/asset_api_2",
                        "attributes": {
                            "arn": "arn:aws:logs:eu-west-1:275679597069:log-group:/aws/lambda/asset_api_2:*",
                            "id": "/aws/lambda/asset_api_2",
                            "kms_key_id": "",
                            "name": "/aws/lambda/asset_api_2",
                            "retention_in_days": "14",
                            "tags.%": "0"
                        },
                        "meta": {},
                        "tainted": false
                    },
                    "deposed": [],
                    "provider": "provider.aws"
                },
                "aws_iam_policy.asset_api_policy": {
                    "type": "aws_iam_policy",
                    "depends_on": [
                        "aws_s3_bucket.asset_bucket"
                    ],
                    "primary": {
                        "id": "arn:aws:iam::275679597069:policy/asset_api_policy",
                        "attributes": {
                            "arn": "arn:aws:iam::275679597069:policy/asset_api_policy",
                            "description": "",
                            "id": "arn:aws:iam::275679597069:policy/asset_api_policy",
                            "name": "asset_api_policy",
                            "path": "/",
                            "policy": "{\n  \"Version\": \"2012-10-17\",\n  \"Statement\": [\n    {\n      \"Action\": [\n        \"s3:ListBucket\"\n      ],\n      \"Effect\": \"Allow\",\n      \"Resource\": [\"arn:aws:s3:::fullstack.diogo.workshop\"]\n    },\n    {\n      \"Action\": [\n        \"s3:PutObject\",\n        \"s3:GetObject\",\n        \"s3:HeadObject\"\n      ],\n      \"Effect\": \"Allow\",\n      \"Resource\": [\"arn:aws:s3:::fullstack.diogo.workshop/*\"]\n    }\n  ]\n}\n"
                        },
                        "meta": {},
                        "tainted": false
                    },
                    "deposed": [],
                    "provider": "provider.aws"
                },
                "aws_iam_policy.lambda_logging": {
                    "type": "aws_iam_policy",
                    "depends_on": [],
                    "primary": {
                        "id": "arn:aws:iam::275679597069:policy/lambda_logging",
                        "attributes": {
                            "arn": "arn:aws:iam::275679597069:policy/lambda_logging",
                            "description": "IAM policy for logging from a lambda",
                            "id": "arn:aws:iam::275679597069:policy/lambda_logging",
                            "name": "lambda_logging",
                            "path": "/",
                            "policy": "{\n  \"Version\": \"2012-10-17\",\n  \"Statement\": [\n    {\n      \"Action\": [\n        \"logs:CreateLogStream\",\n        \"logs:PutLogEvents\"\n      ],\n      \"Resource\": \"arn:aws:logs:*:*:*\",\n      \"Effect\": \"Allow\"\n    }\n  ]\n}\n"
                        },
                        "meta": {},
                        "tainted": false
                    },
                    "deposed": [],
                    "provider": "provider.aws"
                },
                "aws_iam_role.iam_for_asset_api": {
                    "type": "aws_iam_role",
                    "depends_on": [],
                    "primary": {
                        "id": "iam_for_asset_api",
                        "attributes": {
                            "arn": "arn:aws:iam::275679597069:role/iam_for_asset_api",
                            "assume_role_policy": "{\"Version\":\"2012-10-17\",\"Statement\":[{\"Sid\":\"\",\"Effect\":\"Allow\",\"Principal\":{\"Service\":\"lambda.amazonaws.com\"},\"Action\":\"sts:AssumeRole\"}]}",
                            "create_date": "2019-07-12T14:56:12Z",
                            "description": "",
                            "force_detach_policies": "false",
                            "id": "iam_for_asset_api",
                            "max_session_duration": "3600",
                            "name": "iam_for_asset_api",
                            "path": "/",
                            "tags.%": "0",
                            "unique_id": "AROAUAL6I2IGUESU57GUH"
                        },
                        "meta": {},
                        "tainted": false
                    },
                    "deposed": [],
                    "provider": "provider.aws"
                },
                "aws_iam_role_policy_attachment.lambda_logs": {
                    "type": "aws_iam_role_policy_attachment",
                    "depends_on": [
                        "aws_iam_policy.lambda_logging",
                        "aws_iam_role.iam_for_asset_api"
                    ],
                    "primary": {
                        "id": "iam_for_asset_api-20190712145526290900000001",
                        "attributes": {
                            "id": "iam_for_asset_api-20190712145526290900000001",
                            "policy_arn": "arn:aws:iam::275679597069:policy/lambda_logging",
                            "role": "iam_for_asset_api"
                        },
                        "meta": {},
                        "tainted": false
                    },
                    "deposed": [],
                    "provider": "provider.aws"
                },
                "aws_iam_role_policy_attachment.s3_access": {
                    "type": "aws_iam_role_policy_attachment",
                    "depends_on": [
                        "aws_iam_policy.asset_api_policy",
                        "aws_iam_role.iam_for_asset_api"
                    ],
                    "primary": {
                        "id": "iam_for_asset_api-20190712150128739400000001",
                        "attributes": {
                            "id": "iam_for_asset_api-20190712150128739400000001",
                            "policy_arn": "arn:aws:iam::275679597069:policy/asset_api_policy",
                            "role": "iam_for_asset_api"
                        },
                        "meta": {},
                        "tainted": false
                    },
                    "deposed": [],
                    "provider": "provider.aws"
                },
                "aws_lambda_function.asset_api_lambda": {
                    "type": "aws_lambda_function",
                    "depends_on": [
                        "aws_cloudwatch_log_group.asset_api_log",
                        "aws_iam_role.iam_for_asset_api",
                        "aws_iam_role_policy_attachment.lambda_logs",
                        "data.archive_file.asset_api_zip"
                    ],
                    "primary": {
                        "id": "asset_api",
                        "attributes": {
                            "arn": "arn:aws:lambda:eu-west-1:275679597069:function:asset_api",
                            "dead_letter_config.#": "0",
                            "description": "",
                            "environment.#": "1",
                            "environment.0.variables.%": "1",
                            "environment.0.variables.foo": "bar",
                            "filename": "../functions/asset-api/dist/index.zip",
                            "function_name": "asset_api",
                            "handler": "index.handle",
                            "id": "asset_api",
                            "invoke_arn": "arn:aws:apigateway:eu-west-1:lambda:path/2015-03-31/functions/arn:aws:lambda:eu-west-1:275679597069:function:asset_api/invocations",
                            "kms_key_arn": "",
                            "last_modified": "2019-07-12T14:57:03.980+0000",
                            "layers.#": "0",
                            "memory_size": "128",
                            "publish": "false",
                            "qualified_arn": "arn:aws:lambda:eu-west-1:275679597069:function:asset_api:$LATEST",
                            "reserved_concurrent_executions": "-1",
                            "role": "arn:aws:iam::275679597069:role/iam_for_asset_api",
                            "runtime": "nodejs8.10",
                            "source_code_hash": "m4o16CmgqeTgXHyGh/OXSQO0qIs4rU/F7CYK+IOcF/8=",
                            "source_code_size": "100375",
                            "tags.%": "0",
                            "timeout": "3",
                            "tracing_config.#": "1",
                            "tracing_config.0.mode": "PassThrough",
                            "version": "$LATEST",
                            "vpc_config.#": "0"
                        },
                        "meta": {
                            "e2bfb730-ecaa-11e6-8f88-34363bc7c4c0": {
                                "create": 600000000000
                            }
                        },
                        "tainted": false
                    },
                    "deposed": [],
                    "provider": "provider.aws"
                },
                "aws_s3_bucket.asset_bucket": {
                    "type": "aws_s3_bucket",
                    "depends_on": [],
                    "primary": {
                        "id": "fullstack.diogo.workshop",
                        "attributes": {
                            "acceleration_status": "",
                            "acl": "private",
                            "arn": "arn:aws:s3:::fullstack.diogo.workshop",
                            "bucket": "fullstack.diogo.workshop",
                            "bucket_domain_name": "fullstack.diogo.workshop.s3.amazonaws.com",
                            "bucket_regional_domain_name": "fullstack.diogo.workshop.s3.eu-west-1.amazonaws.com",
                            "cors_rule.#": "1",
                            "cors_rule.0.allowed_headers.#": "1",
                            "cors_rule.0.allowed_headers.0": "*",
                            "cors_rule.0.allowed_methods.#": "1",
                            "cors_rule.0.allowed_methods.0": "POST",
                            "cors_rule.0.allowed_origins.#": "1",
                            "cors_rule.0.allowed_origins.0": "*",
                            "cors_rule.0.expose_headers.#": "0",
                            "cors_rule.0.max_age_seconds": "3000",
                            "force_destroy": "false",
                            "hosted_zone_id": "Z1BKCTXD74EZPE",
                            "id": "fullstack.diogo.workshop",
                            "lifecycle_rule.#": "0",
                            "logging.#": "0",
                            "object_lock_configuration.#": "0",
                            "region": "eu-west-1",
                            "replication_configuration.#": "0",
                            "request_payer": "BucketOwner",
                            "server_side_encryption_configuration.#": "0",
                            "tags.%": "2",
                            "tags.Environment": "Dev",
                            "tags.Name": "My bucket",
                            "versioning.#": "1",
                            "versioning.0.enabled": "false",
                            "versioning.0.mfa_delete": "false",
                            "website.#": "0"
                        },
                        "meta": {},
                        "tainted": false
                    },
                    "deposed": [],
                    "provider": "provider.aws"
                },
                "data.archive_file.asset_api_zip": {
                    "type": "archive_file",
                    "depends_on": [],
                    "primary": {
                        "id": "0b2dcc16fcb52c45afd764dfbd4d0986bc065fd8",
                        "attributes": {
                            "id": "0b2dcc16fcb52c45afd764dfbd4d0986bc065fd8",
                            "output_base64sha256": "m4o16CmgqeTgXHyGh/OXSQO0qIs4rU/F7CYK+IOcF/8=",
                            "output_md5": "cb40d98bbac664e7772589bed327efaf",
                            "output_path": "../functions/asset-api/dist/index.zip",
                            "output_sha": "0b2dcc16fcb52c45afd764dfbd4d0986bc065fd8",
                            "output_size": "100375",
                            "source.#": "0",
                            "source_file": "../functions/asset-api/dist/index.js",
                            "type": "zip"
                        },
                        "meta": {},
                        "tainted": false
                    },
                    "deposed": [],
                    "provider": "provider.archive"
                }
            },
            "depends_on": []
        }
    ]
}
